PODS:
  - AlicloudUTDID (1.1.0.19)
  - AlipaySDK_Dependency_UTDID (0.0.1):
    - AlicloudUTDID

DEPENDENCIES:
  - AlipaySDK_Dependency_UTDID (from `../`)

SPEC REPOS:
  https://github.com/aliyun/aliyun-specs.git:
    - AlicloudUTDID

EXTERNAL SOURCES:
  AlipaySDK_Dependency_UTDID:
    :path: "../"

SPEC CHECKSUMS:
  AlicloudUTDID: 79f509c3e997ef85fe307f8bfb2bb3be27f7e205
  AlipaySDK_Dependency_UTDID: c3522b532e3015202faba8bbfbf214f8be734da5

PODFILE CHECKSUM: 309326c96b8f242efe262e61512e95bba42aeb06

COCOAPODS: 1.8.4
